
Microsoft Visual Studio Solution File, Format Version 12.00
# Visual Studio Version 17
VisualStudioVersion = 17.0.32014.148
MinimumVisualStudioVersion = 10.0.40219.1
Project("{9A19103F-16F7-4668-BE54-9A1E7A4F7556}") = "AngryMailer", "AngryMailer\AngryMailer.csproj", "{F2F0F1F1-C920-464A-8C8B-7AB4FE47831A}"
EndProject
Project("{9A19103F-16F7-4668-BE54-9A1E7A4F7556}") = "AngryMailer.Tests", "AngryMailer.Tests\AngryMailer.Tests.csproj", "{868E7D98-8C4E-4CAD-9FA4-954B850C5946}"
EndProject
Project("{2150E333-8FDC-42A3-9474-1A3956D46DE8}") = "Solution Items", "Solution Items", "{50318044-AA04-41F7-854F-AC9993D7D9BF}"
	ProjectSection(SolutionItems) = preProject
		README.md = README.md
	EndProjectSection
EndProject
Global
	GlobalSection(SolutionConfigurationPlatforms) = preSolution
		Debug|Any CPU = Debug|Any CPU
		Release|Any CPU = Release|Any CPU
	EndGlobalSection
	GlobalSection(ProjectConfigurationPlatforms) = postSolution
		{F2F0F1F1-C920-464A-8C8B-7AB4FE47831A}.Debug|Any CPU.ActiveCfg = Debug|Any CPU
		{F2F0F1F1-C920-464A-8C8B-7AB4FE47831A}.Debug|Any CPU.Build.0 = Debug|Any CPU
		{F2F0F1F1-C920-464A-8C8B-7AB4FE47831A}.Release|Any CPU.ActiveCfg = Release|Any CPU
		{F2F0F1F1-C920-464A-8C8B-7AB4FE47831A}.Release|Any CPU.Build.0 = Release|Any CPU
		{868E7D98-8C4E-4CAD-9FA4-954B850C5946}.Debug|Any CPU.ActiveCfg = Debug|Any CPU
		{868E7D98-8C4E-4CAD-9FA4-954B850C5946}.Debug|Any CPU.Build.0 = Debug|Any CPU
		{868E7D98-8C4E-4CAD-9FA4-954B850C5946}.Release|Any CPU.ActiveCfg = Release|Any CPU
		{868E7D98-8C4E-4CAD-9FA4-954B850C5946}.Release|Any CPU.Build.0 = Release|Any CPU
	EndGlobalSection
	GlobalSection(SolutionProperties) = preSolution
		HideSolutionNode = FALSE
	EndGlobalSection
	GlobalSection(ExtensibilityGlobals) = postSolution
		SolutionGuid = {A1BE5A14-72CA-4B99-97B0-CC960B514EFD}
	EndGlobalSection
EndGlobal
